<?xml version="1.0" encoding="utf-8"?>
<Project ToolsVersion="4.0" xmlns="http://schemas.microsoft.com/developer/msbuild/2003">
  <ItemGroup>
    <Filter Include="리소스 파일">
      <UniqueIdentifier>{67DA6AB6-F800-4c08-8B7A-83BB121AAD01}</UniqueIdentifier>
      <Extensions>rc;ico;cur;bmp;dlg;rc2;rct;bin;rgs;gif;jpg;jpeg;jpe;resx;tiff;tif;png;wav;mfcribbon-ms</Extensions>
    </Filter>
    <Filter Include="Source">
      <UniqueIdentifier>{92fdb974-c56f-49c3-a3a7-628a6415eb32}</UniqueIdentifier>
    </Filter>
    <Filter Include="FBXAnimation">
      <UniqueIdentifier>{0266bcf7-36cc-4046-910c-fee85fd77de9}</UniqueIdentifier>
    </Filter>
    <Filter Include="Shader">
      <UniqueIdentifier>{c9141200-6ec1-4066-a0ac-4a0e5dee2cfc}</UniqueIdentifier>
    </Filter>
    <Filter Include="LandScape">
      <UniqueIdentifier>{b8c0f47b-48e5-4a4e-b15e-1dbbd42721c5}</UniqueIdentifier>
    </Filter>
    <Filter Include="System">
      <UniqueIdentifier>{4255da6a-dd5c-483c-9828-b586c8f87109}</UniqueIdentifier>
    </Filter>
    <Filter Include="2DTexture">
      <UniqueIdentifier>{5bf8d4e8-0e19-4252-a62d-b8cca6aa73f2}</UniqueIdentifier>
    </Filter>
  </ItemGroup>
  <ItemGroup>
    <ClCompile Include="graphicsclass.cpp" />
    <ClCompile Include="InputClass.cpp" />
    <ClCompile Include="MoveClass.cpp" />
    <ClCompile Include="SoundClass.cpp" />
    <ClCompile Include="AnimationFrames.cpp">
      <Filter>FBXAnimation</Filter>
    </ClCompile>
    <ClCompile Include="FBXAnimationModel.cpp">
      <Filter>FBXAnimation</Filter>
    </ClCompile>
    <ClCompile Include="FBXShader.cpp">
      <Filter>FBXAnimation</Filter>
    </ClCompile>
    <ClCompile Include="ModelAnimation.cpp">
      <Filter>FBXAnimation</Filter>
    </ClCompile>
    <ClCompile Include="ModelAnimationController.cpp">
      <Filter>FBXAnimation</Filter>
    </ClCompile>
    <ClCompile Include="ModelAnimationKeyFrames.cpp">
      <Filter>FBXAnimation</Filter>
    </ClCompile>
    <ClCompile Include="ModelBoneWeights.cpp">
      <Filter>FBXAnimation</Filter>
    </ClCompile>
    <ClCompile Include="String.cpp">
      <Filter>FBXAnimation</Filter>
    </ClCompile>
    <ClCompile Include="ModelMaterial.cpp">
      <Filter>FBXAnimation</Filter>
    </ClCompile>
    <ClCompile Include="ModelPart.cpp">
      <Filter>FBXAnimation</Filter>
    </ClCompile>
    <ClCompile Include="ModelScene.cpp">
      <Filter>FBXAnimation</Filter>
    </ClCompile>
    <ClCompile Include="ModelSkeleton.cpp">
      <Filter>FBXAnimation</Filter>
    </ClCompile>
    <ClCompile Include="ModelSkeletonBone.cpp">
      <Filter>FBXAnimation</Filter>
    </ClCompile>
    <ClCompile Include="Main.cpp" />
    <ClCompile Include="TextureShaderClass.cpp">
      <Filter>Shader</Filter>
    </ClCompile>
    <ClCompile Include="ShaderManagerClass.cpp">
      <Filter>Shader</Filter>
    </ClCompile>
    <ClCompile Include="ShaderClass.cpp" />
    <ClCompile Include="TerrainCellClass.cpp">
      <Filter>LandScape</Filter>
    </ClCompile>
    <ClCompile Include="TerrainClass.cpp">
      <Filter>LandScape</Filter>
    </ClCompile>
    <ClCompile Include="FrustumClass.cpp" />
    <ClCompile Include="TextureClass.cpp" />
    <ClCompile Include="LightClass.cpp" />
    <ClCompile Include="TerrainShaderClass.cpp">
      <Filter>Shader</Filter>
    </ClCompile>
    <ClCompile Include="ModelClass.cpp" />
    <ClCompile Include="SkyClass.cpp">
      <Filter>LandScape</Filter>
    </ClCompile>
    <ClCompile Include="SkyDomeShaderClass.cpp">
      <Filter>LandScape</Filter>
    </ClCompile>
    <ClCompile Include="SkyPlaneShaderClass.cpp">
      <Filter>LandScape</Filter>
    </ClCompile>
    <ClCompile Include="VertexLayout.cpp">
      <Filter>FBXAnimation</Filter>
    </ClCompile>
    <ClCompile Include="CpuClass.cpp">
      <Filter>System</Filter>
    </ClCompile>
    <ClCompile Include="D3D.cpp">
      <Filter>System</Filter>
    </ClCompile>
    <ClCompile Include="Blender.cpp">
      <Filter>System</Filter>
    </ClCompile>
    <ClCompile Include="FpsClass.cpp">
      <Filter>System</Filter>
    </ClCompile>
    <ClCompile Include="TimerClass.cpp">
      <Filter>System</Filter>
    </ClCompile>
    <ClCompile Include="SystemClass.cpp">
      <Filter>System</Filter>
    </ClCompile>
    <ClCompile Include="Sampler.cpp">
      <Filter>System</Filter>
    </ClCompile>
    <ClCompile Include="Rasterizer.cpp">
      <Filter>System</Filter>
    </ClCompile>
    <ClCompile Include="D3DClass.cpp">
      <Filter>System</Filter>
    </ClCompile>
    <ClCompile Include="CameraClass.cpp">
      <Filter>System</Filter>
    </ClCompile>
    <ClCompile Include="DepthStencil.cpp">
      <Filter>System</Filter>
    </ClCompile>
    <ClCompile Include="FBXCamera.cpp">
      <Filter>System</Filter>
    </ClCompile>
    <ClCompile Include="ImageClass.cpp">
      <Filter>2DTexture</Filter>
    </ClCompile>
    <ClCompile Include="MatrixClass.cpp" />
  </ItemGroup>
  <ItemGroup>
    <ClInclude Include="graphicsclass.h" />
    <ClInclude Include="InputClass.h" />
    <ClInclude Include="MoveClass.h" />
    <ClInclude Include="stdafx.h" />
    <ClInclude Include="AnimationFrames.h">
      <Filter>FBXAnimation</Filter>
    </ClInclude>
    <ClInclude Include="FBXAnimationModel.h">
      <Filter>FBXAnimation</Filter>
    </ClInclude>
    <ClInclude Include="FBXCameraBuffer.h">
      <Filter>FBXAnimation</Filter>
    </ClInclude>
    <ClInclude Include="FBXShader.h">
      <Filter>FBXAnimation</Filter>
    </ClInclude>
    <ClInclude Include="FBXShaderBuffer.h">
      <Filter>FBXAnimation</Filter>
    </ClInclude>
    <ClInclude Include="FBXSunBuffer.h">
      <Filter>FBXAnimation</Filter>
    </ClInclude>
    <ClInclude Include="FBXWorldBuffer.h">
      <Filter>FBXAnimation</Filter>
    </ClInclude>
    <ClInclude Include="ModelAnimation.h">
      <Filter>FBXAnimation</Filter>
    </ClInclude>
    <ClInclude Include="ModelAnimationController.h">
      <Filter>FBXAnimation</Filter>
    </ClInclude>
    <ClInclude Include="ModelAnimationKeyFrames.h">
      <Filter>FBXAnimation</Filter>
    </ClInclude>
    <ClInclude Include="ModelBoneWeights.h">
      <Filter>FBXAnimation</Filter>
    </ClInclude>
    <ClInclude Include="ModelBuffer.h">
      <Filter>FBXAnimation</Filter>
    </ClInclude>
    <ClInclude Include="String.h">
      <Filter>FBXAnimation</Filter>
    </ClInclude>
    <ClInclude Include="ModelMaterial.h">
      <Filter>FBXAnimation</Filter>
    </ClInclude>
    <ClInclude Include="ModelPart.h">
      <Filter>FBXAnimation</Filter>
    </ClInclude>
    <ClInclude Include="ModelScene.h">
      <Filter>FBXAnimation</Filter>
    </ClInclude>
    <ClInclude Include="ModelSkeleton.h">
      <Filter>FBXAnimation</Filter>
    </ClInclude>
    <ClInclude Include="ModelSkeletonBone.h">
      <Filter>FBXAnimation</Filter>
    </ClInclude>
    <ClInclude Include="ModelUtility.h">
      <Filter>FBXAnimation</Filter>
    </ClInclude>
    <ClInclude Include="stdafx_fbx.h">
      <Filter>FBXAnimation</Filter>
    </ClInclude>
    <ClInclude Include="TextureShaderClass.h">
      <Filter>Shader</Filter>
    </ClInclude>
    <ClInclude Include="ShaderManagerClass.h">
      <Filter>Shader</Filter>
    </ClInclude>
    <ClInclude Include="ShaderClass.h" />
    <ClInclude Include="TerrainCellClass.h">
      <Filter>LandScape</Filter>
    </ClInclude>
    <ClInclude Include="TerrainClass.h">
      <Filter>LandScape</Filter>
    </ClInclude>
    <ClInclude Include="FrustumClass.h" />
    <ClInclude Include="TextureClass.h" />
    <ClInclude Include="LightClass.h" />
    <ClInclude Include="ModelClass.h" />
    <ClInclude Include="SkyClass.h">
      <Filter>LandScape</Filter>
    </ClInclude>
    <ClInclude Include="SkyDomeShaderClass.h">
      <Filter>LandScape</Filter>
    </ClInclude>
    <ClInclude Include="SkyPlaneShaderClass.h">
      <Filter>LandScape</Filter>
    </ClInclude>
    <ClInclude Include="TerrainShaderClass.h">
      <Filter>Shader</Filter>
    </ClInclude>
    <ClInclude Include="VertexLayout.h">
      <Filter>FBXAnimation</Filter>
    </ClInclude>
    <ClInclude Include="CpuClass.h">
      <Filter>System</Filter>
    </ClInclude>
    <ClInclude Include="D3D.h">
      <Filter>System</Filter>
    </ClInclude>
    <ClInclude Include="Blender.h">
      <Filter>System</Filter>
    </ClInclude>
    <ClInclude Include="FpsClass.h">
      <Filter>System</Filter>
    </ClInclude>
    <ClInclude Include="TimerClass.h">
      <Filter>System</Filter>
    </ClInclude>
    <ClInclude Include="SystemClass.h">
      <Filter>System</Filter>
    </ClInclude>
    <ClInclude Include="Sampler.h">
      <Filter>System</Filter>
    </ClInclude>
    <ClInclude Include="Rasterizer.h">
      <Filter>System</Filter>
    </ClInclude>
    <ClInclude Include="D3DClass.h">
      <Filter>System</Filter>
    </ClInclude>
    <ClInclude Include="CameraClass.h">
      <Filter>System</Filter>
    </ClInclude>
    <ClInclude Include="DepthStencil.h">
      <Filter>System</Filter>
    </ClInclude>
    <ClInclude Include="FBXCamera.h">
      <Filter>System</Filter>
    </ClInclude>
    <ClInclude Include="ImageClass.h">
      <Filter>2DTexture</Filter>
    </ClInclude>
    <ClInclude Include="MatrixClass.h" />
  </ItemGroup>
</Project>