<?xml version="1.0" encoding="utf-8"?>
<Project ToolsVersion="4.0" xmlns="http://schemas.microsoft.com/developer/msbuild/2003">
  <ItemGroup>
    <ClCompile Include="FBXAnimation\AnimationFrames.cpp">
      <Filter>FBXAnimation</Filter>
    </ClCompile>
    <ClCompile Include="FBXAnimation\FBXAnimationModel.cpp">
      <Filter>FBXAnimation</Filter>
    </ClCompile>
    <ClCompile Include="FBXAnimation\ModelAnimation.cpp">
      <Filter>FBXAnimation</Filter>
    </ClCompile>
    <ClCompile Include="FBXAnimation\ModelAnimationController.cpp">
      <Filter>FBXAnimation</Filter>
    </ClCompile>
    <ClCompile Include="FBXAnimation\ModelAnimationKeyFrames.cpp">
      <Filter>FBXAnimation</Filter>
    </ClCompile>
    <ClCompile Include="FBXAnimation\ModelBoneWeights.cpp">
      <Filter>FBXAnimation</Filter>
    </ClCompile>
    <ClCompile Include="FBXAnimation\ModelMaterial.cpp">
      <Filter>FBXAnimation</Filter>
    </ClCompile>
    <ClCompile Include="FBXAnimation\ModelScene.cpp">
      <Filter>FBXAnimation</Filter>
    </ClCompile>
    <ClCompile Include="FBXAnimation\ModelSkeleton.cpp">
      <Filter>FBXAnimation</Filter>
    </ClCompile>
    <ClCompile Include="FBXAnimation\ModelSkeletonBone.cpp">
      <Filter>FBXAnimation</Filter>
    </ClCompile>
    <ClCompile Include="FBXAnimation\String.cpp">
      <Filter>FBXAnimation</Filter>
    </ClCompile>
    <ClCompile Include="FBXAnimation\VertexLayout.cpp">
      <Filter>FBXAnimation</Filter>
    </ClCompile>
    <ClCompile Include="ObjModel\FontClass.cpp">
      <Filter>ObjModel</Filter>
    </ClCompile>
    <ClCompile Include="ObjModel\FrustumClass.cpp">
      <Filter>ObjModel</Filter>
    </ClCompile>
    <ClCompile Include="ObjModel\ImageClass.cpp">
      <Filter>ObjModel</Filter>
    </ClCompile>
    <ClCompile Include="ObjModel\InstancingClass.cpp">
      <Filter>ObjModel</Filter>
    </ClCompile>
    <ClCompile Include="ObjModel\LightClass.cpp">
      <Filter>ObjModel</Filter>
    </ClCompile>
    <ClCompile Include="ObjModel\MatrixClass.cpp">
      <Filter>ObjModel</Filter>
    </ClCompile>
    <ClCompile Include="ObjModel\ModelClass.cpp">
      <Filter>ObjModel</Filter>
    </ClCompile>
    <ClCompile Include="ObjModel\MoveClass.cpp">
      <Filter>ObjModel</Filter>
    </ClCompile>
    <ClCompile Include="ObjModel\ParticleSystem.cpp">
      <Filter>ObjModel</Filter>
    </ClCompile>
    <ClCompile Include="ObjModel\PointLightClass.cpp">
      <Filter>ObjModel</Filter>
    </ClCompile>
    <ClCompile Include="ObjModel\RTTTextureClass.cpp">
      <Filter>ObjModel</Filter>
    </ClCompile>
    <ClCompile Include="ObjModel\TerrainCellClass.cpp">
      <Filter>ObjModel</Filter>
    </ClCompile>
    <ClCompile Include="ObjModel\TerrainClass.cpp">
      <Filter>ObjModel</Filter>
    </ClCompile>
    <ClCompile Include="ObjModel\TextClass.cpp">
      <Filter>ObjModel</Filter>
    </ClCompile>
    <ClCompile Include="ObjModel\TextureClass.cpp">
      <Filter>ObjModel</Filter>
    </ClCompile>
    <ClCompile Include="ObjModel\WaterClass.cpp">
      <Filter>ObjModel</Filter>
    </ClCompile>
    <ClCompile Include="System\Blender.cpp">
      <Filter>System</Filter>
    </ClCompile>
    <ClCompile Include="System\D3D.cpp">
      <Filter>System</Filter>
    </ClCompile>
    <ClCompile Include="System\DepthStencil.cpp">
      <Filter>System</Filter>
    </ClCompile>
    <ClCompile Include="System\FBXCamera.cpp">
      <Filter>System</Filter>
    </ClCompile>
    <ClCompile Include="System\FpsClass.cpp">
      <Filter>System</Filter>
    </ClCompile>
    <ClCompile Include="System\Rasterizer.cpp">
      <Filter>System</Filter>
    </ClCompile>
    <ClCompile Include="System\Sampler.cpp">
      <Filter>System</Filter>
    </ClCompile>
    <ClCompile Include="System\ShaderManagerClass.cpp">
      <Filter>System</Filter>
    </ClCompile>
    <ClCompile Include="System\SystemClass.cpp">
      <Filter>System</Filter>
    </ClCompile>
    <ClCompile Include="System\TimerClass.cpp">
      <Filter>System</Filter>
    </ClCompile>
    <ClCompile Include="graphicsclass.cpp" />
    <ClCompile Include="System\InputClass.cpp">
      <Filter>System</Filter>
    </ClCompile>
    <ClCompile Include="Main.cpp" />
    <ClCompile Include="FBXAnimation\ModelPart.cpp">
      <Filter>FBXAnimation</Filter>
    </ClCompile>
    <ClCompile Include="SpecMapShaderClass.cpp">
      <Filter>Shader</Filter>
    </ClCompile>
    <ClCompile Include="TerrainShaderClass.cpp">
      <Filter>Shader</Filter>
    </ClCompile>
    <ClCompile Include="TranslateShaderClass.cpp">
      <Filter>Shader</Filter>
    </ClCompile>
    <ClCompile Include="WaterReflectionShaderClass.cpp">
      <Filter>Shader</Filter>
    </ClCompile>
    <ClCompile Include="WaterShaderClass.cpp">
      <Filter>Shader</Filter>
    </ClCompile>
    <ClCompile Include="AlphaMapShaderClass.cpp">
      <Filter>Shader</Filter>
    </ClCompile>
    <ClCompile Include="DiffuseInstancingShaderClass.cpp">
      <Filter>Shader</Filter>
    </ClCompile>
    <ClCompile Include="FireShaderClass.cpp">
      <Filter>Shader</Filter>
    </ClCompile>
    <ClCompile Include="FontShaderClass.cpp">
      <Filter>Shader</Filter>
    </ClCompile>
    <ClCompile Include="InstancingShaderClass.cpp">
      <Filter>Shader</Filter>
    </ClCompile>
    <ClCompile Include="LightShaderClass.cpp">
      <Filter>Shader</Filter>
    </ClCompile>
    <ClCompile Include="ParticleShaderClass.cpp">
      <Filter>Shader</Filter>
    </ClCompile>
    <ClCompile Include="RefractionShaderClass.cpp">
      <Filter>Shader</Filter>
    </ClCompile>
    <ClCompile Include="ShaderClass.cpp">
      <Filter>Shader</Filter>
    </ClCompile>
    <ClCompile Include="SkyDomeShaderClass.cpp">
      <Filter>Shader</Filter>
    </ClCompile>
    <ClCompile Include="SkyPlaneShaderClass.cpp">
      <Filter>Shader</Filter>
    </ClCompile>
    <ClCompile Include="TextureShaderClass.cpp">
      <Filter>Shader</Filter>
    </ClCompile>
    <ClCompile Include="System\SoundClass.cpp" />
    <ClCompile Include="FBXShader.cpp">
      <Filter>FBXAnimation</Filter>
    </ClCompile>
    <ClCompile Include="SkyClass.cpp" />
    <ClCompile Include="MinimapClass.cpp">
      <Filter>ObjModel</Filter>
    </ClCompile>
    <ClCompile Include="UIManagerClass.cpp">
      <Filter>ObjModel</Filter>
    </ClCompile>
    <ClCompile Include="ShadowShaderClass.cpp" />
    <ClCompile Include="DepthShaderClass.cpp" />
    <ClCompile Include="TerrainShaderClass2.cpp" />
  </ItemGroup>
  <ItemGroup>
    <ClInclude Include="FBXAnimation\AnimationFrames.h">
      <Filter>FBXAnimation</Filter>
    </ClInclude>
    <ClInclude Include="FBXAnimation\FBX.h">
      <Filter>FBXAnimation</Filter>
    </ClInclude>
    <ClInclude Include="FBXAnimation\FBXAnimationModel.h">
      <Filter>FBXAnimation</Filter>
    </ClInclude>
    <ClInclude Include="FBXAnimation\FBXCameraBuffer.h">
      <Filter>FBXAnimation</Filter>
    </ClInclude>
    <ClInclude Include="FBXAnimation\FBXShaderBuffer.h">
      <Filter>FBXAnimation</Filter>
    </ClInclude>
    <ClInclude Include="FBXAnimation\FBXSunBuffer.h">
      <Filter>FBXAnimation</Filter>
    </ClInclude>
    <ClInclude Include="FBXAnimation\FBXWorldBuffer.h">
      <Filter>FBXAnimation</Filter>
    </ClInclude>
    <ClInclude Include="FBXAnimation\ModelAnimation.h">
      <Filter>FBXAnimation</Filter>
    </ClInclude>
    <ClInclude Include="FBXAnimation\ModelAnimationController.h">
      <Filter>FBXAnimation</Filter>
    </ClInclude>
    <ClInclude Include="FBXAnimation\ModelAnimationKeyFrames.h">
      <Filter>FBXAnimation</Filter>
    </ClInclude>
    <ClInclude Include="FBXAnimation\ModelBoneWeights.h">
      <Filter>FBXAnimation</Filter>
    </ClInclude>
    <ClInclude Include="FBXAnimation\ModelBuffer.h">
      <Filter>FBXAnimation</Filter>
    </ClInclude>
    <ClInclude Include="FBXAnimation\ModelMaterial.h">
      <Filter>FBXAnimation</Filter>
    </ClInclude>
    <ClInclude Include="FBXAnimation\ModelScene.h">
      <Filter>FBXAnimation</Filter>
    </ClInclude>
    <ClInclude Include="FBXAnimation\ModelSkeleton.h">
      <Filter>FBXAnimation</Filter>
    </ClInclude>
    <ClInclude Include="FBXAnimation\ModelSkeletonBone.h">
      <Filter>FBXAnimation</Filter>
    </ClInclude>
    <ClInclude Include="FBXAnimation\ModelUtility.h">
      <Filter>FBXAnimation</Filter>
    </ClInclude>
    <ClInclude Include="FBXAnimation\stdafx_fbx.h">
      <Filter>FBXAnimation</Filter>
    </ClInclude>
    <ClInclude Include="FBXAnimation\String.h">
      <Filter>FBXAnimation</Filter>
    </ClInclude>
    <ClInclude Include="FBXAnimation\VertexLayout.h">
      <Filter>FBXAnimation</Filter>
    </ClInclude>
    <ClInclude Include="ObjModel\FontClass.h">
      <Filter>ObjModel</Filter>
    </ClInclude>
    <ClInclude Include="ObjModel\FrustumClass.h">
      <Filter>ObjModel</Filter>
    </ClInclude>
    <ClInclude Include="ObjModel\ImageClass.h">
      <Filter>ObjModel</Filter>
    </ClInclude>
    <ClInclude Include="ObjModel\InstancingClass.h">
      <Filter>ObjModel</Filter>
    </ClInclude>
    <ClInclude Include="ObjModel\LightClass.h">
      <Filter>ObjModel</Filter>
    </ClInclude>
    <ClInclude Include="ObjModel\MatrixClass.h">
      <Filter>ObjModel</Filter>
    </ClInclude>
    <ClInclude Include="ObjModel\ModelClass.h">
      <Filter>ObjModel</Filter>
    </ClInclude>
    <ClInclude Include="ObjModel\MoveClass.h">
      <Filter>ObjModel</Filter>
    </ClInclude>
    <ClInclude Include="ObjModel\ParticleSystem.h">
      <Filter>ObjModel</Filter>
    </ClInclude>
    <ClInclude Include="ObjModel\PointLightClass.h">
      <Filter>ObjModel</Filter>
    </ClInclude>
    <ClInclude Include="ObjModel\RTTTextureClass.h">
      <Filter>ObjModel</Filter>
    </ClInclude>
    <ClInclude Include="ObjModel\TerrainCellClass.h">
      <Filter>ObjModel</Filter>
    </ClInclude>
    <ClInclude Include="ObjModel\TextClass.h">
      <Filter>ObjModel</Filter>
    </ClInclude>
    <ClInclude Include="ObjModel\TextureClass.h">
      <Filter>ObjModel</Filter>
    </ClInclude>
    <ClInclude Include="ObjModel\WaterClass.h">
      <Filter>ObjModel</Filter>
    </ClInclude>
    <ClInclude Include="ObjModel\TerrainClass.h">
      <Filter>ObjModel</Filter>
    </ClInclude>
    <ClInclude Include="System\Blender.h">
      <Filter>System</Filter>
    </ClInclude>
    <ClInclude Include="System\D3D.h">
      <Filter>System</Filter>
    </ClInclude>
    <ClInclude Include="System\DepthStencil.h">
      <Filter>System</Filter>
    </ClInclude>
    <ClInclude Include="System\FBXCamera.h">
      <Filter>System</Filter>
    </ClInclude>
    <ClInclude Include="System\FpsClass.h">
      <Filter>System</Filter>
    </ClInclude>
    <ClInclude Include="System\InputClass.h">
      <Filter>System</Filter>
    </ClInclude>
    <ClInclude Include="System\Rasterizer.h">
      <Filter>System</Filter>
    </ClInclude>
    <ClInclude Include="System\Sampler.h">
      <Filter>System</Filter>
    </ClInclude>
    <ClInclude Include="System\ShaderManagerClass.h">
      <Filter>System</Filter>
    </ClInclude>
    <ClInclude Include="System\SystemClass.h">
      <Filter>System</Filter>
    </ClInclude>
    <ClInclude Include="System\TimerClass.h">
      <Filter>System</Filter>
    </ClInclude>
    <ClInclude Include="FBXAnimation\ModelPart.h">
      <Filter>FBXAnimation</Filter>
    </ClInclude>
    <ClInclude Include="AlphaMapShaderClass.h">
      <Filter>Shader</Filter>
    </ClInclude>
    <ClInclude Include="DiffuseInstancingShaderClass.h">
      <Filter>Shader</Filter>
    </ClInclude>
    <ClInclude Include="FireShaderClass.h">
      <Filter>Shader</Filter>
    </ClInclude>
    <ClInclude Include="FontShaderClass.h">
      <Filter>Shader</Filter>
    </ClInclude>
    <ClInclude Include="InstancingShaderClass.h">
      <Filter>Shader</Filter>
    </ClInclude>
    <ClInclude Include="LightShaderClass.h">
      <Filter>Shader</Filter>
    </ClInclude>
    <ClInclude Include="ParticleShaderClass.h">
      <Filter>Shader</Filter>
    </ClInclude>
    <ClInclude Include="RefractionShaderClass.h">
      <Filter>Shader</Filter>
    </ClInclude>
    <ClInclude Include="ShaderClass.h">
      <Filter>Shader</Filter>
    </ClInclude>
    <ClInclude Include="SkyDomeShaderClass.h">
      <Filter>Shader</Filter>
    </ClInclude>
    <ClInclude Include="SkyPlaneShaderClass.h">
      <Filter>Shader</Filter>
    </ClInclude>
    <ClInclude Include="SpecMapShaderClass.h">
      <Filter>Shader</Filter>
    </ClInclude>
    <ClInclude Include="TerrainShaderClass.h">
      <Filter>Shader</Filter>
    </ClInclude>
    <ClInclude Include="TranslateShaderClass.h">
      <Filter>Shader</Filter>
    </ClInclude>
    <ClInclude Include="WaterReflectionShaderClass.h">
      <Filter>Shader</Filter>
    </ClInclude>
    <ClInclude Include="WaterShaderClass.h">
      <Filter>Shader</Filter>
    </ClInclude>
    <ClInclude Include="TextureShaderClass.h">
      <Filter>Shader</Filter>
    </ClInclude>
    <ClInclude Include="System\SoundClass.h" />
    <ClInclude Include="FBXShader.h">
      <Filter>FBXAnimation</Filter>
    </ClInclude>
    <ClInclude Include="skyclass.h" />
    <ClInclude Include="MinimapClass.h">
      <Filter>ObjModel</Filter>
    </ClInclude>
    <ClInclude Include="graphicsclass.h" />
    <ClInclude Include="UIManagerClass.h">
      <Filter>ObjModel</Filter>
    </ClInclude>
    <ClInclude Include="ShadowShaderClass.h" />
    <ClInclude Include="DepthShaderClass.h" />
    <ClInclude Include="TerrainShaderClass2.h" />
  </ItemGroup>
  <ItemGroup>
    <Filter Include="FBXAnimation">
      <UniqueIdentifier>{a9efd93c-02af-46b7-9284-635d3b22c0a6}</UniqueIdentifier>
    </Filter>
    <Filter Include="ObjModel">
      <UniqueIdentifier>{9ccc9999-fd37-4d5b-9023-42221fa553f4}</UniqueIdentifier>
    </Filter>
    <Filter Include="System">
      <UniqueIdentifier>{33fa0a19-1a4d-4f47-a5ca-425f2e0fdcd1}</UniqueIdentifier>
    </Filter>
    <Filter Include="Shader">
      <UniqueIdentifier>{d9aaca7e-e3eb-478c-88ad-e6687dca067b}</UniqueIdentifier>
    </Filter>
  </ItemGroup>
</Project>